version: 1.0
shards:
  callback:
    github: mosop/callback
    version: 0.6.3

  cli:
    github: mosop/cli
    version: 0.6.10

  db:
    github: crystal-lang/crystal-db
    version: 0.4.3

  dotenv:
    github: gdotdesign/cr-dotenv
    version: 0.1.0

  granite_orm:
    github: amberframework/granite-orm
    version: 0.7.8

  kemal:
    github: kemalcr/kemal
    version: 0.21.0

  kilt:
    github: jeromegn/kilt
    version: 0.4.0

  micrate:
    github: juanedi/micrate
    version: 0.3.0

  optarg:
    github: mosop/optarg
    version: 0.5.8

  pg:
    github: will/crystal-pg
    version: 0.13.4

  radix:
    github: luislavena/radix
    version: 0.3.8

  sendgrid:
    github: dlanileonardo/sendgrid.cr
    commit: 95926c1228fb499884cebd0ca5bdce1a7941274b

  sentry:
    github: samueleaton/sentry
    version: 0.1.1

  sentry-run:
    github: faustinoaq/sentry-run
    version: 0.2.0

  slang:
    github: jeromegn/slang
    version: 1.7.0

  string_inflection:
    github: mosop/string_inflection
    version: 0.2.1

