version: 1.0
shards:
  ameba:
    github: veelenga/ameba
    version: 0.5.1

  baked_file_system:
    github: schovi/baked_file_system
    version: 0.9.5

  callback:
    github: mosop/callback
    version: 0.6.3

  db:
    github: crystal-lang/crystal-db
    version: 0.5.0

  dotenv:
    github: gdotdesign/cr-dotenv
    version: 0.1.0

  granite_orm:
    github: amberframework/granite
    version: 0.9.1

  kemal:
    github: kemalcr/kemal
    version: 0.22.0

  kemal-csrf:
    github: kemalcr/kemal-csrf
    version: 0.4.0

  kemal-session:
    github: kemalcr/kemal-session
    version: 0.9.0

  kilt:
    github: jeromegn/kilt
    version: 0.4.0

  micrate:
    github: juanedi/micrate
    version: 0.3.0

  optarg:
    github: mosop/optarg
    version: 0.5.8

  pg:
    github: will/crystal-pg
    version: 0.14.1

  pool:
    github: ysbaddaden/pool
    version: 0.2.3

  radix:
    github: luislavena/radix
    version: 0.3.8

  redis:
    github: stefanwille/crystal-redis
    version: 1.9.0

  sendgrid:
    github: dlanileonardo/sendgrid.cr
    commit: 95926c1228fb499884cebd0ca5bdce1a7941274b

  sentry:
    github: samueleaton/sentry
    version: 0.2.0

  sentry-run:
    github: faustinoaq/sentry-run
    version: 0.2.1

  sidekiq:
    github: mperham/sidekiq.cr
    commit: 7f555b19d8e69faa82de8cdb5fcd12aba8f8d308

  slang:
    github: jeromegn/slang
    version: 1.7.1

  string_inflection:
    github: mosop/string_inflection
    version: 0.2.1

