version: 1.0
shards:
  ameba:
    github: veelenga/ameba
    version: 0.7.0

  baked_file_system:
    github: schovi/baked_file_system
    commit: e1447549d5ac0560720fae62179b2f2c62c9bfd1

  callback:
    github: mosop/callback
    version: 0.6.3

  crecto:
    github: fridgerator/crecto
    version: 0.9.0

  crouter:
    github: jreinert/crouter
    commit: 982f0986f9ceb6203742df475066c7ed9da8584c

  db:
    github: crystal-lang/crystal-db
    version: 0.5.0

  dotenv:
    github: gdotdesign/cr-dotenv
    version: 0.1.0

  exception_page:
    github: crystal-loot/exception_page
    version: 0.1.1

  granite:
    github: amberframework/granite
    version: 0.12.1

  ipaddress:
    github: sija/ipaddress.cr
    version: 0.1.2

  kemal:
    github: kemalcr/kemal
    commit: 09bb1fcd4073a374b3a61c99e48e05a866b23c08

  kemal-csrf:
    github: kemalcr/kemal-csrf
    version: 0.4.0

  kemal-session:
    github: kemalcr/kemal-session
    commit: bc720cca9c27e391b4b3fc32ae7cc23f4d3f3fdc

  kilt:
    github: jeromegn/kilt
    version: 0.4.0

  micrate:
    github: juanedi/micrate
    version: 0.3.3

  optarg:
    github: mosop/optarg
    version: 0.5.8

  pg:
    github: will/crystal-pg
    version: 0.15.0

  pool:
    github: ysbaddaden/pool
    version: 0.2.3

  radix:
    github: luislavena/radix
    version: 0.3.8

  redis:
    github: stefanwille/crystal-redis
    version: 2.0.0

  sendgrid:
    github: dlanileonardo/sendgrid.cr
    commit: 95926c1228fb499884cebd0ca5bdce1a7941274b

  sentry:
    github: samueleaton/sentry
    commit: 20f2364cf59f8e94f8aaf2295669089d3060498f

  sidekiq:
    github: mperham/sidekiq.cr
    commit: f3820aace32aa8d3b1cfe835536ee5ff981840fa

  string_inflection:
    github: mosop/string_inflection
    version: 0.2.1

